<Solution>
  <Project Path="NaughtyAttributes.Core.csproj" />
  <Project Path="CW.Common.csproj" />
  <Project Path="Assembly-CSharp.csproj" />
  <Project Path="NaughtyAttributes.Test.csproj" />
  <Project Path="NaughtyAttributes.Editor.csproj" />
  <Project Path="Assembly-CSharp-Editor.csproj" />
  <Project Path="LeanLocalization.csproj" />
  <Project Path="LeanLocalization.TMP.csproj" />
  <Project Path="LeanCommon.csproj" />
  <Project Path="LeanLocalizationEditor.csproj" />
</Solution>
